github.com/aaronland/go-http-rewrite v1.1.0 h1:HhsltNyYRnIz2FR+qANZLx2ykiRuNuNK1JgPonKBLHQ=
github.com/aaronland/go-http-rewrite v1.1.0/go.mod h1:iA9jQBureJrzO6fTzmRLS+fkbAI1Fna71iTb1hP8n3k=
github.com/aaronland/go-http-static v0.0.3 h1:0MnYXNwGVDCzre5YwinfPSdAFHInbBbmBv5hJtb/FX8=
github.com/aaronland/go-http-static v0.0.3/go.mod h1:/s6lHGXq95ZR9nMJmE9slE4uMi92GP34CuG3f9xlfsY=
github.com/sfomuseum/go-http-rollup v0.0.3 h1:N3CnjZluhzRhqPpdM+GTuzCnjM0V5xtPX+LeCgZWhTA=
github.com/sfomuseum/go-http-rollup v0.0.3/go.mod h1:oJTnBzj3afHHYtHSuG2yDD459ctZHwy3zlKtbJl/BTQ=
github.com/tdewolff/minify/v2 v2.20.32 h1:rk4THvBPLEU+gGDKaJxyvFhF5+quSwCk3HKv1GpSVyE=
github.com/tdewolff/minify/v2 v2.20.32/go.mod h1:1TJni7+mATKu24cBQQpgwakrYRD27uC1/rdJOgdv8ns=
github.com/tdewolff/parse/v2 v2.7.14 h1:100KJ+QAO3PpMb3uUjzEU/NpmCdbBYz6KPmCIAfWpR8=
github.com/tdewolff/parse/v2 v2.7.14/go.mod h1:3FbJWZp3XT9OWVN3Hmfp0p/a08v4h8J9W1aghka0soA=
github.com/tdewolff/test v1.0.11-0.20231101010635-f1265d231d52/go.mod h1:6DAvZliBAAnD7rhVgwaM7DE5/d9NMOAJ09SqYqeK4QE=
github.com/tdewolff/test v1.0.11-0.20240106005702-7de5f7df4739 h1:IkjBCtQOOjIn03u/dMQK9g+Iw9ewps4mCl1nB8Sscbo=
github.com/tdewolff/test v1.0.11-0.20240106005702-7de5f7df4739/go.mod h1:XPuWBzvdUzhCuxWO1ojpXsyzsA5bFoS3tO/Q3kFuTG8=
golang.org/x/net v0.8.0 h1:Zrh2ngAOFYneWTAIAPethzeaQLuHwhuBkuV6ZiRnUaQ=
golang.org/x/net v0.8.0/go.mod h1:QVkue5JL9kW//ek3r6jTKnTFis1tRmNAW2P1shuFdJc=
