github.com/aaronland/go-http-rewrite v1.1.0 h1:HhsltNyYRnIz2FR+qANZLx2ykiRuNuNK1JgPonKBLHQ=
github.com/aaronland/go-http-rewrite v1.1.0/go.mod h1:iA9jQBureJrzO6fTzmRLS+fkbAI1Fna71iTb1hP8n3k=
github.com/aaronland/go-http-static v0.0.3 h1:0MnYXNwGVDCzre5YwinfPSdAFHInbBbmBv5hJtb/FX8=
github.com/aaronland/go-http-static v0.0.3/go.mod h1:/s6lHGXq95ZR9nMJmE9slE4uMi92GP34CuG3f9xlfsY=
golang.org/x/net v0.8.0 h1:Zrh2ngAOFYneWTAIAPethzeaQLuHwhuBkuV6ZiRnUaQ=
golang.org/x/net v0.8.0/go.mod h1:QVkue5JL9kW//ek3r6jTKnTFis1tRmNAW2P1shuFdJc=
