github.com/aaronland/go-http-rewrite v1.0.1 h1:BWUlr88wN+jQJUGFd5sSl5fysxHlLYN0FB330pRRP+Q=
github.com/aaronland/go-http-rewrite v1.0.1/go.mod h1:DVpymWnsPZI9P2cmgs6lz2cWiUltfDJ6UNOwuvSXyF0=
golang.org/x/net v0.0.0-20220425223048-2871e0cb64e4 h1:HVyaeDAYux4pnY+D/SiwmLOR36ewZ4iGQIIrtnuCjFA=
golang.org/x/net v0.0.0-20220425223048-2871e0cb64e4/go.mod h1:CfG3xpIq0wQ8r1q4Su4UZFWDARRcnwPjda9FqA0JpMk=
